
Microsoft Visual Studio Solution File, Format Version 12.00
# Visual Studio Version 17
VisualStudioVersion = 17.8.34601.278
MinimumVisualStudioVersion = 10.0.40219.1
Project("{8BC9CEB8-8B4A-11D0-8D11-00A0C91BC942}") = "NOLT_Technologies_first_try", "NOLT_Technologies_first_try.vcxproj", "{2269BA1C-A8D5-445F-8BE1-FCE13206976A}"
EndProject
Global
	GlobalSection(SolutionConfigurationPlatforms) = preSolution
		Debug|x64 = Debug|x64
		Debug|x86 = Debug|x86
		Release|x64 = Release|x64
		Release|x86 = Release|x86
	EndGlobalSection
	GlobalSection(ProjectConfigurationPlatforms) = postSolution
		{2269BA1C-A8D5-445F-8BE1-FCE13206976A}.Debug|x64.ActiveCfg = Debug|x64
		{2269BA1C-A8D5-445F-8BE1-FCE13206976A}.Debug|x64.Build.0 = Debug|x64
		{2269BA1C-A8D5-445F-8BE1-FCE13206976A}.Debug|x86.ActiveCfg = Debug|Win32
		{2269BA1C-A8D5-445F-8BE1-FCE13206976A}.Debug|x86.Build.0 = Debug|Win32
		{2269BA1C-A8D5-445F-8BE1-FCE13206976A}.Release|x64.ActiveCfg = Release|x64
		{2269BA1C-A8D5-445F-8BE1-FCE13206976A}.Release|x64.Build.0 = Release|x64
		{2269BA1C-A8D5-445F-8BE1-FCE13206976A}.Release|x86.ActiveCfg = Release|Win32
		{2269BA1C-A8D5-445F-8BE1-FCE13206976A}.Release|x86.Build.0 = Release|Win32
	EndGlobalSection
	GlobalSection(SolutionProperties) = preSolution
		HideSolutionNode = FALSE
	EndGlobalSection
	GlobalSection(ExtensibilityGlobals) = postSolution
		SolutionGuid = {FDA153F0-BAC3-471F-A453-F35C3CE6CBE5}
	EndGlobalSection
EndGlobal
